
Microsoft Visual Studio Solution File, Format Version 12.00
# Visual Studio Version 16
VisualStudioVersion = 16.0.28803.156
MinimumVisualStudioVersion = 10.0.40219.1
Project("{FAE04EC0-301F-11D3-BF4B-00C04F79EFBC}") = "InterceptorDemo.Core", "InterceptorDemo.Core\InterceptorDemo.Core.csproj", "{3E51E6D5-291D-47DB-9085-C236152767E0}"
EndProject
Project("{FAE04EC0-301F-11D3-BF4B-00C04F79EFBC}") = "InterceptorDemo.Application", "InterceptorDemo.Application\InterceptorDemo.Application.csproj", "{ABC48760-8ACD-480A-A685-6F7292EF287A}"
EndProject
Project("{FAE04EC0-301F-11D3-BF4B-00C04F79EFBC}") = "InterceptorDemo.WebUI", "InterceptorDemo.WebUI\InterceptorDemo.WebUI.csproj", "{225C860B-BCE7-46F6-A97F-9F6CF2215F1E}"
EndProject
Global
	GlobalSection(SolutionConfigurationPlatforms) = preSolution
		Debug|Any CPU = Debug|Any CPU
		Release|Any CPU = Release|Any CPU
	EndGlobalSection
	GlobalSection(ProjectConfigurationPlatforms) = postSolution
		{3E51E6D5-291D-47DB-9085-C236152767E0}.Debug|Any CPU.ActiveCfg = Debug|Any CPU
		{3E51E6D5-291D-47DB-9085-C236152767E0}.Debug|Any CPU.Build.0 = Debug|Any CPU
		{3E51E6D5-291D-47DB-9085-C236152767E0}.Release|Any CPU.ActiveCfg = Release|Any CPU
		{3E51E6D5-291D-47DB-9085-C236152767E0}.Release|Any CPU.Build.0 = Release|Any CPU
		{ABC48760-8ACD-480A-A685-6F7292EF287A}.Debug|Any CPU.ActiveCfg = Debug|Any CPU
		{ABC48760-8ACD-480A-A685-6F7292EF287A}.Debug|Any CPU.Build.0 = Debug|Any CPU
		{ABC48760-8ACD-480A-A685-6F7292EF287A}.Release|Any CPU.ActiveCfg = Release|Any CPU
		{ABC48760-8ACD-480A-A685-6F7292EF287A}.Release|Any CPU.Build.0 = Release|Any CPU
		{225C860B-BCE7-46F6-A97F-9F6CF2215F1E}.Debug|Any CPU.ActiveCfg = Debug|Any CPU
		{225C860B-BCE7-46F6-A97F-9F6CF2215F1E}.Debug|Any CPU.Build.0 = Debug|Any CPU
		{225C860B-BCE7-46F6-A97F-9F6CF2215F1E}.Release|Any CPU.ActiveCfg = Release|Any CPU
		{225C860B-BCE7-46F6-A97F-9F6CF2215F1E}.Release|Any CPU.Build.0 = Release|Any CPU
	EndGlobalSection
	GlobalSection(SolutionProperties) = preSolution
		HideSolutionNode = FALSE
	EndGlobalSection
	GlobalSection(ExtensibilityGlobals) = postSolution
		SolutionGuid = {7141D7B4-FE36-4983-9546-ADBAE9B7FA17}
	EndGlobalSection
EndGlobal
